
Microsoft Visual Studio Solution File, Format Version 12.00
# Visual Studio Version 17
VisualStudioVersion = 17.10.35122.118
MinimumVisualStudioVersion = 10.0.40219.1
Project("{9A19103F-16F7-4668-BE54-9A1E7A4F7556}") = "UXM", "UXM\UXM.csproj", "{65D1F2F7-E668-460C-860B-CA5E0A5C6DBD}"
EndProject
Project("{9A19103F-16F7-4668-BE54-9A1E7A4F7556}") = "SoulsFormats", "SoulsFormatsNEXT\SoulsFormats\SoulsFormats.csproj", "{53295295-0BA4-4CBA-A314-991018021C25}"
EndProject
Global
	GlobalSection(SolutionConfigurationPlatforms) = preSolution
		Debug|Any CPU = Debug|Any CPU
		Debug|x64 = Debug|x64
		Release|Any CPU = Release|Any CPU
		Release|x64 = Release|x64
	EndGlobalSection
	GlobalSection(ProjectConfigurationPlatforms) = postSolution
		{65D1F2F7-E668-460C-860B-CA5E0A5C6DBD}.Debug|Any CPU.ActiveCfg = Debug|Any CPU
		{65D1F2F7-E668-460C-860B-CA5E0A5C6DBD}.Debug|Any CPU.Build.0 = Debug|Any CPU
		{65D1F2F7-E668-460C-860B-CA5E0A5C6DBD}.Debug|x64.ActiveCfg = Debug|Any CPU
		{65D1F2F7-E668-460C-860B-CA5E0A5C6DBD}.Debug|x64.Build.0 = Debug|Any CPU
		{65D1F2F7-E668-460C-860B-CA5E0A5C6DBD}.Release|Any CPU.ActiveCfg = Release|Any CPU
		{65D1F2F7-E668-460C-860B-CA5E0A5C6DBD}.Release|Any CPU.Build.0 = Release|Any CPU
		{65D1F2F7-E668-460C-860B-CA5E0A5C6DBD}.Release|x64.ActiveCfg = Release|Any CPU
		{65D1F2F7-E668-460C-860B-CA5E0A5C6DBD}.Release|x64.Build.0 = Release|Any CPU
		{53295295-0BA4-4CBA-A314-991018021C25}.Debug|Any CPU.ActiveCfg = Debug|Any CPU
		{53295295-0BA4-4CBA-A314-991018021C25}.Debug|Any CPU.Build.0 = Debug|Any CPU
		{53295295-0BA4-4CBA-A314-991018021C25}.Debug|x64.ActiveCfg = Debug|Any CPU
		{53295295-0BA4-4CBA-A314-991018021C25}.Debug|x64.Build.0 = Debug|Any CPU
		{53295295-0BA4-4CBA-A314-991018021C25}.Release|Any CPU.ActiveCfg = Release|Any CPU
		{53295295-0BA4-4CBA-A314-991018021C25}.Release|Any CPU.Build.0 = Release|Any CPU
		{53295295-0BA4-4CBA-A314-991018021C25}.Release|x64.ActiveCfg = Release|Any CPU
		{53295295-0BA4-4CBA-A314-991018021C25}.Release|x64.Build.0 = Release|Any CPU
	EndGlobalSection
	GlobalSection(SolutionProperties) = preSolution
		HideSolutionNode = FALSE
	EndGlobalSection
	GlobalSection(ExtensibilityGlobals) = postSolution
		SolutionGuid = {52DE8830-2BD0-4F75-BDA7-4F8BD9B350AD}
	EndGlobalSection
EndGlobal
